
Microsoft Visual Studio Solution File, Format Version 12.00
# Visual Studio 15
VisualStudioVersion = 15.0.28010.2048
MinimumVisualStudioVersion = 10.0.40219.1
Project("{FAE04EC0-301F-11D3-BF4B-00C04F79EFBC}") = "Candidates.Web", "Candidates.Web\Candidates.Web.csproj", "{147A15EA-BAB0-4051-AD40-60156C695C75}"
EndProject
Project("{FAE04EC0-301F-11D3-BF4B-00C04F79EFBC}") = "Candidates.Data", "Candidates.Data\Candidates.Data.csproj", "{685C4EE6-0A22-4AD5-A9DD-AE33B4516C72}"
EndProject
Global
	GlobalSection(SolutionConfigurationPlatforms) = preSolution
		Debug|Any CPU = Debug|Any CPU
		Release|Any CPU = Release|Any CPU
	EndGlobalSection
	GlobalSection(ProjectConfigurationPlatforms) = postSolution
		{147A15EA-BAB0-4051-AD40-60156C695C75}.Debug|Any CPU.ActiveCfg = Debug|Any CPU
		{147A15EA-BAB0-4051-AD40-60156C695C75}.Debug|Any CPU.Build.0 = Debug|Any CPU
		{147A15EA-BAB0-4051-AD40-60156C695C75}.Release|Any CPU.ActiveCfg = Release|Any CPU
		{147A15EA-BAB0-4051-AD40-60156C695C75}.Release|Any CPU.Build.0 = Release|Any CPU
		{685C4EE6-0A22-4AD5-A9DD-AE33B4516C72}.Debug|Any CPU.ActiveCfg = Debug|Any CPU
		{685C4EE6-0A22-4AD5-A9DD-AE33B4516C72}.Debug|Any CPU.Build.0 = Debug|Any CPU
		{685C4EE6-0A22-4AD5-A9DD-AE33B4516C72}.Release|Any CPU.ActiveCfg = Release|Any CPU
		{685C4EE6-0A22-4AD5-A9DD-AE33B4516C72}.Release|Any CPU.Build.0 = Release|Any CPU
	EndGlobalSection
	GlobalSection(SolutionProperties) = preSolution
		HideSolutionNode = FALSE
	EndGlobalSection
	GlobalSection(ExtensibilityGlobals) = postSolution
		SolutionGuid = {22822A3A-7693-40E4-A76F-8692C06CFCAB}
	EndGlobalSection
EndGlobal
